
Microsoft Visual Studio Solution File, Format Version 12.00
# Visual Studio Version 17
VisualStudioVersion = 17.9.34714.143
MinimumVisualStudioVersion = 10.0.40219.1
Project("{FAE04EC0-301F-11D3-BF4B-00C04F79EFBC}") = "2024 GUI-GuessNumber", "2024 GUI-GuessNumber.csproj", "{26206F6C-3F8E-4FDB-9147-CE3248A758EC}"
EndProject
Global
	GlobalSection(SolutionConfigurationPlatforms) = preSolution
		Debug|Any CPU = Debug|Any CPU
		Release|Any CPU = Release|Any CPU
	EndGlobalSection
	GlobalSection(ProjectConfigurationPlatforms) = postSolution
		{26206F6C-3F8E-4FDB-9147-CE3248A758EC}.Debug|Any CPU.ActiveCfg = Debug|Any CPU
		{26206F6C-3F8E-4FDB-9147-CE3248A758EC}.Debug|Any CPU.Build.0 = Debug|Any CPU
		{26206F6C-3F8E-4FDB-9147-CE3248A758EC}.Release|Any CPU.ActiveCfg = Release|Any CPU
		{26206F6C-3F8E-4FDB-9147-CE3248A758EC}.Release|Any CPU.Build.0 = Release|Any CPU
	EndGlobalSection
	GlobalSection(SolutionProperties) = preSolution
		HideSolutionNode = FALSE
	EndGlobalSection
	GlobalSection(ExtensibilityGlobals) = postSolution
		SolutionGuid = {42C892FC-F4C8-453B-AD21-015036B565F0}
	EndGlobalSection
EndGlobal
